hash: 417d5e04237348e729c48142b204fea0b7b8733f736d5a636c9d53a6acbe29f2
updated: 2016-03-07T13:04:16.770908324-08:00
imports:
- name: github.com/aws/aws-sdk-go
  version: 84dd2369d1041b2c79c67bc81bba00636711d01b
  subpackages:
  - aws
  - aws/session
  - service/ec2
  - aws/awserr
  - aws/credentials
  - aws/client
  - aws/corehandlers
  - aws/defaults
  - aws/request
  - private/endpoints
  - aws/awsutil
  - aws/client/metadata
  - private/protocol
  - private/protocol/ec2query
  - private/signer/v4
  - private/waiter
  - aws/credentials/ec2rolecreds
  - aws/ec2metadata
  - private/protocol/query/queryutil
  - private/protocol/xml/xmlutil
  - private/protocol/rest
- name: github.com/Azure/azure-sdk-for-go
  version: 95361a2573b1fa92a00c5fc2707a80308483c6f9
  subpackages:
  - management
  - management/hostedservice
  - management/virtualmachine
  - management/vmutils
  - core/http
  - core/tls
  - management/virtualmachinedisk
  - management/location
- name: github.com/coreos/etcd
  version: 13f853f59baaab0ac44d6cea50df270eb1c658c3
  subpackages:
  - Godeps/_workspace/src/golang.org/x/net/context
  - client
  - etcdmain
  - Godeps/_workspace/src/github.com/ugorji/go/codec
  - pkg/pathutil
  - pkg/types
  - Godeps/_workspace/src/github.com/coreos/go-systemd/daemon
  - Godeps/_workspace/src/github.com/coreos/go-systemd/util
  - Godeps/_workspace/src/github.com/coreos/pkg/capnslog
  - Godeps/_workspace/src/github.com/prometheus/client_golang/prometheus
  - Godeps/_workspace/src/github.com/prometheus/procfs
  - discovery
  - etcdserver
  - etcdserver/api/v3rpc
  - etcdserver/etcdhttp
  - pkg/cors
  - pkg/fileutil
  - pkg/flags
  - pkg/ioutil
  - pkg/osutil
  - pkg/runtime
  - pkg/transport
  - proxy
  - rafthttp
  - version
  - Godeps/_workspace/src/github.com/coreos/go-systemd/journal
  - Godeps/_workspace/src/github.com/beorn7/perks/quantile
  - Godeps/_workspace/src/github.com/golang/protobuf/proto
  - Godeps/_workspace/src/github.com/prometheus/client_model/go
  - Godeps/_workspace/src/github.com/prometheus/common/expfmt
  - Godeps/_workspace/src/github.com/jonboulle/clockwork
  - Godeps/_workspace/src/github.com/coreos/go-semver/semver
  - Godeps/_workspace/src/github.com/gogo/protobuf/proto
  - compactor
  - error
  - etcdserver/etcdhttp/httptypes
  - etcdserver/etcdserverpb
  - etcdserver/stats
  - lease
  - lease/leasehttp
  - pkg/contention
  - pkg/idutil
  - pkg/netutil
  - pkg/pbutil
  - pkg/schedule
  - pkg/testutil
  - pkg/wait
  - raft
  - raft/raftpb
  - snap
  - storage
  - storage/backend
  - storage/storagepb
  - store
  - wal
  - wal/walpb
  - Godeps/_workspace/src/google.golang.org/grpc
  - Godeps/_workspace/src/google.golang.org/grpc/codes
  - Godeps/_workspace/src/google.golang.org/grpc/credentials
  - etcdserver/auth
  - pkg/logutil
  - pkg/httputil
  - Godeps/_workspace/src/github.com/xiang90/probing
  - Godeps/_workspace/src/bitbucket.org/ww/goautoneg
  - Godeps/_workspace/src/github.com/matttproud/golang_protobuf_extensions/pbutil
  - Godeps/_workspace/src/github.com/prometheus/common/model
  - lease/leasepb
  - snap/snappb
  - Godeps/_workspace/src/github.com/google/btree
  - pkg/adt
  - Godeps/_workspace/src/github.com/boltdb/bolt
  - pkg/crc
  - Godeps/_workspace/src/golang.org/x/net/http2
  - Godeps/_workspace/src/golang.org/x/net/trace
  - Godeps/_workspace/src/google.golang.org/grpc/grpclog
  - Godeps/_workspace/src/google.golang.org/grpc/metadata
  - Godeps/_workspace/src/google.golang.org/grpc/naming
  - Godeps/_workspace/src/google.golang.org/grpc/transport
  - Godeps/_workspace/src/golang.org/x/crypto/bcrypt
  - Godeps/_workspace/src/golang.org/x/net/http2/hpack
  - Godeps/_workspace/src/golang.org/x/net/internal/timeseries
  - Godeps/_workspace/src/google.golang.org/grpc/peer
  - Godeps/_workspace/src/golang.org/x/crypto/blowfish
- name: github.com/davecgh/go-spew
  version: 5215b55f46b2b919f50a1df0eaa5886afe4e3b3d
- name: github.com/fsouza/go-dockerclient
  version: ddbe4ddacd876fa8f9202e656c1972124c4a665d
  subpackages:
  - external/github.com/docker/docker/opts
  - external/github.com/docker/docker/pkg/archive
  - external/github.com/docker/docker/pkg/fileutils
  - external/github.com/docker/docker/pkg/homedir
  - external/github.com/docker/docker/pkg/stdcopy
  - external/github.com/hashicorp/go-cleanhttp
  - external/github.com/Sirupsen/logrus
  - external/github.com/docker/docker/pkg/idtools
  - external/github.com/docker/docker/pkg/ioutils
  - external/github.com/docker/docker/pkg/pools
  - external/github.com/docker/docker/pkg/promise
  - external/github.com/docker/docker/pkg/system
  - external/github.com/opencontainers/runc/libcontainer/user
  - external/golang.org/x/net/context
- name: github.com/go-ini/ini
  version: 776aa739ce9373377cd16f526cdf06cb4c89b40f
- name: github.com/golang/protobuf
  version: 6aaa8d47701fa6cf07e914ec01fde3d4a1fe79c3
  subpackages:
  - proto
- name: github.com/google/go-github
  version: 58e27d2951882f0b3101ba9d6e0c34a0a49350c6
  subpackages:
  - github
- name: github.com/google/go-querystring
  version: 6bb77fe6f42b85397288d4f6f67ac72f8f400ee7
  subpackages:
  - query
- name: github.com/jmespath/go-jmespath
  version: 0b12d6b521d83fc7f755e7cfc1b1fbdd35a01a74
- name: github.com/satori/go.uuid
  version: e673fdd4dea8a7334adbbe7f57b7e4b00bdc5502
- name: github.com/Sirupsen/logrus
  version: 219c8cb75c258c552e999735be6df753ffc7afdc
- name: github.com/socketplane/libovsdb
  version: 555a561202ec17fe6c068038a35291ce9ba33066
  subpackages:
  - Godeps/_workspace/src/github.com/cenkalti/rpc2
  - Godeps/_workspace/src/github.com/cenkalti/rpc2/jsonrpc
  - Godeps/_workspace/src/github.com/cenkalti/hub
- name: golang.org/x/crypto
  version: 1f22c0103821b9390939b6776727195525381532
  subpackages:
  - pkcs12
  - pkcs12/internal/rc2
- name: golang.org/x/net
  version: 6acef71eb69611914f7a30939ea9f6e194c78172
  subpackages:
  - context
  - http2
  - trace
  - context/ctxhttp
  - http2/hpack
  - internal/timeseries
- name: golang.org/x/oauth2
  version: 045497edb6234273d67dbc25da3f2ddbc4c4cacf
  subpackages:
  - google
  - internal
  - jws
  - jwt
- name: google.golang.org/api
  version: e61f6e00cdf8b78313641288c50f6e2d4e3d749c
  subpackages:
  - compute/v1
  - gensupport
  - googleapi
  - googleapi/internal/uritemplates
- name: google.golang.org/cloud
  version: 81286d291d92a0db53c4e9f5cff873d5781896d8
  subpackages:
  - compute/metadata
  - internal
- name: google.golang.org/grpc
  version: 0e69ad1ebd818481c187fe2e53747279f7909c81
  subpackages:
  - grpclog
  - codes
  - credentials
  - internal
  - metadata
  - naming
  - transport
  - peer
devImports: []
